
Microsoft Visual Studio Solution File, Format Version 12.00
# Visual Studio 14
VisualStudioVersion = 14.0.24720.0
MinimumVisualStudioVersion = 10.0.40219.1
Project("{F184B08F-C81C-45F6-A57F-5ABD9991F28F}") = "UpdateLib", "UpdateLib\UpdateLib.vbproj", "{8B448F7D-259C-4605-B46D-DC64D010A75C}"
EndProject
Project("{F184B08F-C81C-45F6-A57F-5ABD9991F28F}") = "UpdateTool", "UpdateTool\UpdateTool.vbproj", "{34B4DFEC-74DD-4EF1-B8D1-97B9EFFE63DF}"
EndProject
Global
	GlobalSection(SolutionConfigurationPlatforms) = preSolution
		Debug|Any CPU = Debug|Any CPU
		Release20|Any CPU = Release20|Any CPU
		Release40|Any CPU = Release40|Any CPU
	EndGlobalSection
	GlobalSection(ProjectConfigurationPlatforms) = postSolution
		{8B448F7D-259C-4605-B46D-DC64D010A75C}.Debug|Any CPU.ActiveCfg = Debug|Any CPU
		{8B448F7D-259C-4605-B46D-DC64D010A75C}.Debug|Any CPU.Build.0 = Debug|Any CPU
		{8B448F7D-259C-4605-B46D-DC64D010A75C}.Release20|Any CPU.ActiveCfg = Release20|Any CPU
		{8B448F7D-259C-4605-B46D-DC64D010A75C}.Release20|Any CPU.Build.0 = Release20|Any CPU
		{8B448F7D-259C-4605-B46D-DC64D010A75C}.Release40|Any CPU.ActiveCfg = Release40|Any CPU
		{8B448F7D-259C-4605-B46D-DC64D010A75C}.Release40|Any CPU.Build.0 = Release40|Any CPU
		{34B4DFEC-74DD-4EF1-B8D1-97B9EFFE63DF}.Debug|Any CPU.ActiveCfg = Debug|Any CPU
		{34B4DFEC-74DD-4EF1-B8D1-97B9EFFE63DF}.Debug|Any CPU.Build.0 = Debug|Any CPU
		{34B4DFEC-74DD-4EF1-B8D1-97B9EFFE63DF}.Release20|Any CPU.ActiveCfg = Release|Any CPU
		{34B4DFEC-74DD-4EF1-B8D1-97B9EFFE63DF}.Release20|Any CPU.Build.0 = Release|Any CPU
		{34B4DFEC-74DD-4EF1-B8D1-97B9EFFE63DF}.Release40|Any CPU.ActiveCfg = Release|Any CPU
		{34B4DFEC-74DD-4EF1-B8D1-97B9EFFE63DF}.Release40|Any CPU.Build.0 = Release|Any CPU
	EndGlobalSection
	GlobalSection(SolutionProperties) = preSolution
		HideSolutionNode = FALSE
	EndGlobalSection
EndGlobal
